
Microsoft Visual Studio Solution File, Format Version 12.00
# Visual Studio Version 17
VisualStudioVersion = 17.8.34309.116
MinimumVisualStudioVersion = 10.0.40219.1
Project("{FAE04EC0-301F-11D3-BF4B-00C04F79EFBC}") = "IntegraMuni2023.01", "IntegraMuni2023.01\IntegraMuni2023.01.csproj", "{49BEB4C3-7DDD-4432-81B4-7C89027E19EF}"
EndProject
Global
	GlobalSection(SolutionConfigurationPlatforms) = preSolution
		Debug|Any CPU = Debug|Any CPU
		Release|Any CPU = Release|Any CPU
	EndGlobalSection
	GlobalSection(ProjectConfigurationPlatforms) = postSolution
		{49BEB4C3-7DDD-4432-81B4-7C89027E19EF}.Debug|Any CPU.ActiveCfg = Debug|Any CPU
		{49BEB4C3-7DDD-4432-81B4-7C89027E19EF}.Debug|Any CPU.Build.0 = Debug|Any CPU
		{49BEB4C3-7DDD-4432-81B4-7C89027E19EF}.Release|Any CPU.ActiveCfg = Release|Any CPU
		{49BEB4C3-7DDD-4432-81B4-7C89027E19EF}.Release|Any CPU.Build.0 = Release|Any CPU
	EndGlobalSection
	GlobalSection(SolutionProperties) = preSolution
		HideSolutionNode = FALSE
	EndGlobalSection
	GlobalSection(ExtensibilityGlobals) = postSolution
		SolutionGuid = {0298ABA4-0CD1-46EE-9C5E-F42540328C43}
	EndGlobalSection
EndGlobal
